{
  "name": "project-ex02",
  "version": "1.0.0",
  "lockfileVersion": 2,
  "requires": true,
  "packages": {
    "": {
      "version": "1.0.0",
      "license": "ISC",
      "dependencies": {
        "dntjd7701-math": "file:../dntjd7701-math"
      }
    },
    "../dntjd7701-math": {
      "version": "1.0.0",
      "license": "ISC"
    },
    "node_modules/dntjd7701-math": {
      "resolved": "../dntjd7701-math",
      "link": true
    }
  },
  "dependencies": {
    "dntjd7701-math": {
      "version": "file:../dntjd7701-math"
    }
  }
}
